PODS:
  - Nimble (5.1.1)
  - OHHTTPStubs (6.1.0):
    - OHHTTPStubs/Default (= 6.1.0)
  - OHHTTPStubs/Core (6.1.0)
  - OHHTTPStubs/Default (6.1.0):
    - OHHTTPStubs/Core
    - OHHTTPStubs/JSON
    - OHHTTPStubs/NSURLSession
    - OHHTTPStubs/OHPathHelpers
  - OHHTTPStubs/JSON (6.1.0):
    - OHHTTPStubs/Core
  - OHHTTPStubs/NSURLSession (6.1.0):
    - OHHTTPStubs/Core
  - OHHTTPStubs/OHPathHelpers (6.1.0)
  - OHHTTPStubs/Swift (6.1.0):
    - OHHTTPStubs/Default
  - Quick (0.10.0)
  - Realm (3.12.0):
    - Realm/Headers (= 3.12.0)
  - Realm/Headers (3.12.0)
  - RealmSwift (3.12.0):
    - Realm (= 3.12.0)
  - Result (3.2.4)
  - SnapKit (4.2.0)
  - SugarRecord (3.0.3):
    - SugarRecord/CoreData (= 3.0.3)
    - "SugarRecord/CoreData+iCloud (= 3.0.3)"
    - SugarRecord/Realm (= 3.0.3)
  - SugarRecord/CoreData (3.0.3):
    - Result (~> 3.2)
  - "SugarRecord/CoreData+iCloud (3.0.3)":
    - Result (~> 3.2)
  - SugarRecord/Realm (3.0.3):
    - RealmSwift (~> 3.12)
    - Result (~> 3.2)

DEPENDENCIES:
  - Nimble (~> 5.0)
  - OHHTTPStubs
  - OHHTTPStubs/Swift
  - Quick (~> 0.10)
  - SnapKit
  - SugarRecord (from `../`)
  - SugarRecord/CoreData (from `../`)
  - "SugarRecord/CoreData+iCloud (from `../`)"
  - SugarRecord/Realm (from `../`)

SPEC REPOS:
  https://github.com/cocoapods/specs.git:
    - Nimble
    - OHHTTPStubs
    - Quick
    - Realm
    - RealmSwift
    - Result
    - SnapKit

EXTERNAL SOURCES:
  SugarRecord:
    :path: "../"

SPEC CHECKSUMS:
  Nimble: 415e3aa3267e7bc2c96b05fa814ddea7bb686a29
  OHHTTPStubs: 1e21c7d2c084b8153fc53d48400d8919d2d432d0
  Quick: 5d290df1c69d5ee2f0729956dcf0fd9a30447eaa
  Realm: cdaef23c4ddb36ab1ddffed23f5a7f3332fc5585
  RealmSwift: 5576324033f0aa5ef1e0a839a3da2281dff47a7f
  Result: d2d07204ce72856f1fd9130bbe42c35a7b0fea10
  SnapKit: fe8a619752f3f27075cc9a90244d75c6c3f27e2a
  SugarRecord: 6426954a99547fbc7589a1aec19c63c391a5121f

PODFILE CHECKSUM: 93e4a0d6049261cca889912a17deebad59571a81

COCOAPODS: 1.5.3
